
Microsoft Visual Studio Solution File, Format Version 12.00
# Visual Studio 14
VisualStudioVersion = 14.0.25420.1
MinimumVisualStudioVersion = 10.0.40219.1
Project("{159641D6-6404-4A2A-AE62-294DE0FE8301}") = "VS Test", "VS Test\VS Test.dtproj", "{F0899D90-FA3C-42D5-8B02-FB9F8CE96DFE}"
EndProject
Global
	GlobalSection(SolutionConfigurationPlatforms) = preSolution
		Development|Default = Development|Default
	EndGlobalSection
	GlobalSection(ProjectConfigurationPlatforms) = postSolution
		{F0899D90-FA3C-42D5-8B02-FB9F8CE96DFE}.Development|Default.ActiveCfg = Development
		{F0899D90-FA3C-42D5-8B02-FB9F8CE96DFE}.Development|Default.Build.0 = Development
	EndGlobalSection
	GlobalSection(SolutionProperties) = preSolution
		HideSolutionNode = FALSE
	EndGlobalSection
EndGlobal
