
Microsoft Visual Studio Solution File, Format Version 12.00
# Visual Studio 14
VisualStudioVersion = 14.0.25420.1
MinimumVisualStudioVersion = 10.0.40219.1
Project("{159641D6-6404-4A2A-AE62-294DE0FE8301}") = "SF - Phoenix 2-way data replication", "SF - Phoenix 2-way data replication\SF - Phoenix 2-way data replication.dtproj", "{074394E6-55D4-4A7A-AC69-AD4D4B85031E}"
EndProject
Global
	GlobalSection(SolutionConfigurationPlatforms) = preSolution
		Development|Default = Development|Default
	EndGlobalSection
	GlobalSection(ProjectConfigurationPlatforms) = postSolution
		{074394E6-55D4-4A7A-AC69-AD4D4B85031E}.Development|Default.ActiveCfg = Development
		{074394E6-55D4-4A7A-AC69-AD4D4B85031E}.Development|Default.Build.0 = Development
	EndGlobalSection
	GlobalSection(SolutionProperties) = preSolution
		HideSolutionNode = FALSE
	EndGlobalSection
EndGlobal
